
Microsoft Visual Studio Solution File, Format Version 12.00
# Visual Studio 2012
Project("{FAE04EC0-301F-11D3-BF4B-00C04F79EFBC}") = "SlapChat", "SlapChat\SlapChat.csproj", "{4F0765D9-38A0-4085-9582-D647740F3657}"
EndProject
Project("{FAE04EC0-301F-11D3-BF4B-00C04F79EFBC}") = "SlapChat.Model", "SlapChat.Model\SlapChat.Model.csproj", "{4F20E1FE-D94C-419F-9D9A-23597DCA3FBA}"
EndProject
Project("{2150E333-8FDC-42A3-9474-1A3956D46DE8}") = ".nuget", ".nuget", "{BDC2B804-15F5-40E4-A467-8901DEBE3448}"
	ProjectSection(SolutionItems) = preProject
		.nuget\NuGet.Config = .nuget\NuGet.Config
		.nuget\NuGet.targets = .nuget\NuGet.targets
	EndProjectSection
EndProject
Project("{2150E333-8FDC-42A3-9474-1A3956D46DE8}") = "Solution Items", "Solution Items", "{9B3B19FE-2BEC-4AD8-A75D-B5E43C8D6FFC}"
	ProjectSection(SolutionItems) = preProject
		ServerScripts\createFriends.post.js = ServerScripts\createFriends.post.js
		ServerScripts\photoRecords.insert.js = ServerScripts\photoRecords.insert.js
		ServerScripts\photoRecords.read.js = ServerScripts\photoRecords.read.js
		ServerScripts\readFriends.get.js = ServerScripts\readFriends.get.js
		ServerScripts\schematize.scheduler.js = ServerScripts\schematize.scheduler.js
		ServerScripts\users.insert.js = ServerScripts\users.insert.js
	EndProjectSection
EndProject
Global
	GlobalSection(SolutionConfigurationPlatforms) = preSolution
		Debug|Any CPU = Debug|Any CPU
		Debug|ARM = Debug|ARM
		Debug|x86 = Debug|x86
		Release|Any CPU = Release|Any CPU
		Release|ARM = Release|ARM
		Release|x86 = Release|x86
	EndGlobalSection
	GlobalSection(ProjectConfigurationPlatforms) = postSolution
		{4F0765D9-38A0-4085-9582-D647740F3657}.Debug|Any CPU.ActiveCfg = Debug|Any CPU
		{4F0765D9-38A0-4085-9582-D647740F3657}.Debug|Any CPU.Build.0 = Debug|Any CPU
		{4F0765D9-38A0-4085-9582-D647740F3657}.Debug|Any CPU.Deploy.0 = Debug|Any CPU
		{4F0765D9-38A0-4085-9582-D647740F3657}.Debug|ARM.ActiveCfg = Debug|ARM
		{4F0765D9-38A0-4085-9582-D647740F3657}.Debug|ARM.Build.0 = Debug|ARM
		{4F0765D9-38A0-4085-9582-D647740F3657}.Debug|ARM.Deploy.0 = Debug|ARM
		{4F0765D9-38A0-4085-9582-D647740F3657}.Debug|x86.ActiveCfg = Debug|x86
		{4F0765D9-38A0-4085-9582-D647740F3657}.Debug|x86.Build.0 = Debug|x86
		{4F0765D9-38A0-4085-9582-D647740F3657}.Debug|x86.Deploy.0 = Debug|x86
		{4F0765D9-38A0-4085-9582-D647740F3657}.Release|Any CPU.ActiveCfg = Release|Any CPU
		{4F0765D9-38A0-4085-9582-D647740F3657}.Release|Any CPU.Build.0 = Release|Any CPU
		{4F0765D9-38A0-4085-9582-D647740F3657}.Release|Any CPU.Deploy.0 = Release|Any CPU
		{4F0765D9-38A0-4085-9582-D647740F3657}.Release|ARM.ActiveCfg = Release|ARM
		{4F0765D9-38A0-4085-9582-D647740F3657}.Release|ARM.Build.0 = Release|ARM
		{4F0765D9-38A0-4085-9582-D647740F3657}.Release|ARM.Deploy.0 = Release|ARM
		{4F0765D9-38A0-4085-9582-D647740F3657}.Release|x86.ActiveCfg = Release|x86
		{4F0765D9-38A0-4085-9582-D647740F3657}.Release|x86.Build.0 = Release|x86
		{4F0765D9-38A0-4085-9582-D647740F3657}.Release|x86.Deploy.0 = Release|x86
		{4F20E1FE-D94C-419F-9D9A-23597DCA3FBA}.Debug|Any CPU.ActiveCfg = Debug|Any CPU
		{4F20E1FE-D94C-419F-9D9A-23597DCA3FBA}.Debug|Any CPU.Build.0 = Debug|Any CPU
		{4F20E1FE-D94C-419F-9D9A-23597DCA3FBA}.Debug|ARM.ActiveCfg = Debug|Any CPU
		{4F20E1FE-D94C-419F-9D9A-23597DCA3FBA}.Debug|x86.ActiveCfg = Debug|Any CPU
		{4F20E1FE-D94C-419F-9D9A-23597DCA3FBA}.Release|Any CPU.ActiveCfg = Release|Any CPU
		{4F20E1FE-D94C-419F-9D9A-23597DCA3FBA}.Release|Any CPU.Build.0 = Release|Any CPU
		{4F20E1FE-D94C-419F-9D9A-23597DCA3FBA}.Release|ARM.ActiveCfg = Release|Any CPU
		{4F20E1FE-D94C-419F-9D9A-23597DCA3FBA}.Release|x86.ActiveCfg = Release|Any CPU
	EndGlobalSection
	GlobalSection(SolutionProperties) = preSolution
		HideSolutionNode = FALSE
	EndGlobalSection
EndGlobal
