
Microsoft Visual Studio Solution File, Format Version 12.00
# Visual Studio 2013
VisualStudioVersion = 12.0.30501.0
MinimumVisualStudioVersion = 10.0.40219.1
Project("{FAE04EC0-301F-11D3-BF4B-00C04F79EFBC}") = "DotNetRuntimeAuth", "DotNetRuntimeAuth\DotNetRuntimeAuth.csproj", "{01948BF3-3ED8-4175-8F2E-82CFF6BC2B94}"
EndProject
Project("{2150E333-8FDC-42A3-9474-1A3956D46DE8}") = "DotNetRuntimeAuthClient", "DotNetRuntimeAuthClient", "{CB5DE60D-8728-44D8-99C1-3FF365D982FE}"
EndProject
Project("{D954291E-2A0B-460D-934E-DC6B0785DB48}") = "DotNetRuntimeAuthClient.Shared", "DotNetRuntimeAuthClient\DotNetRuntimeAuthClient.Shared\DotNetRuntimeAuthClient.Shared.shproj", "{A4F21B8A-D8FF-449E-9684-2CD1C8EAEAE4}"
EndProject
Project("{FAE04EC0-301F-11D3-BF4B-00C04F79EFBC}") = "DotNetRuntimeAuthClient.Windows", "DotNetRuntimeAuthClient\DotNetRuntimeAuthClient.Windows\DotNetRuntimeAuthClient.Windows.csproj", "{E6E1B009-81E3-49AD-BAE3-88027E4C36E8}"
EndProject
Global
	GlobalSection(SharedMSBuildProjectFiles) = preSolution
		DotNetRuntimeAuthClient\DotNetRuntimeAuthClient.Shared\DotNetRuntimeAuthClient.Shared.projitems*{e6e1b009-81e3-49ad-bae3-88027e4c36e8}*SharedItemsImports = 4
		DotNetRuntimeAuthClient\DotNetRuntimeAuthClient.Shared\DotNetRuntimeAuthClient.Shared.projitems*{a4f21b8a-d8ff-449e-9684-2cd1c8eaeae4}*SharedItemsImports = 13
	EndGlobalSection
	GlobalSection(SolutionConfigurationPlatforms) = preSolution
		Debug|Any CPU = Debug|Any CPU
		Debug|ARM = Debug|ARM
		Debug|x64 = Debug|x64
		Debug|x86 = Debug|x86
		Release|Any CPU = Release|Any CPU
		Release|ARM = Release|ARM
		Release|x64 = Release|x64
		Release|x86 = Release|x86
	EndGlobalSection
	GlobalSection(ProjectConfigurationPlatforms) = postSolution
		{01948BF3-3ED8-4175-8F2E-82CFF6BC2B94}.Debug|Any CPU.ActiveCfg = Debug|Any CPU
		{01948BF3-3ED8-4175-8F2E-82CFF6BC2B94}.Debug|Any CPU.Build.0 = Debug|Any CPU
		{01948BF3-3ED8-4175-8F2E-82CFF6BC2B94}.Debug|ARM.ActiveCfg = Debug|Any CPU
		{01948BF3-3ED8-4175-8F2E-82CFF6BC2B94}.Debug|x64.ActiveCfg = Debug|Any CPU
		{01948BF3-3ED8-4175-8F2E-82CFF6BC2B94}.Debug|x86.ActiveCfg = Debug|Any CPU
		{01948BF3-3ED8-4175-8F2E-82CFF6BC2B94}.Release|Any CPU.ActiveCfg = Release|Any CPU
		{01948BF3-3ED8-4175-8F2E-82CFF6BC2B94}.Release|Any CPU.Build.0 = Release|Any CPU
		{01948BF3-3ED8-4175-8F2E-82CFF6BC2B94}.Release|ARM.ActiveCfg = Release|Any CPU
		{01948BF3-3ED8-4175-8F2E-82CFF6BC2B94}.Release|x64.ActiveCfg = Release|Any CPU
		{01948BF3-3ED8-4175-8F2E-82CFF6BC2B94}.Release|x86.ActiveCfg = Release|Any CPU
		{E6E1B009-81E3-49AD-BAE3-88027E4C36E8}.Debug|Any CPU.ActiveCfg = Debug|Any CPU
		{E6E1B009-81E3-49AD-BAE3-88027E4C36E8}.Debug|Any CPU.Build.0 = Debug|Any CPU
		{E6E1B009-81E3-49AD-BAE3-88027E4C36E8}.Debug|Any CPU.Deploy.0 = Debug|Any CPU
		{E6E1B009-81E3-49AD-BAE3-88027E4C36E8}.Debug|ARM.ActiveCfg = Debug|ARM
		{E6E1B009-81E3-49AD-BAE3-88027E4C36E8}.Debug|ARM.Build.0 = Debug|ARM
		{E6E1B009-81E3-49AD-BAE3-88027E4C36E8}.Debug|ARM.Deploy.0 = Debug|ARM
		{E6E1B009-81E3-49AD-BAE3-88027E4C36E8}.Debug|x64.ActiveCfg = Debug|x64
		{E6E1B009-81E3-49AD-BAE3-88027E4C36E8}.Debug|x64.Build.0 = Debug|x64
		{E6E1B009-81E3-49AD-BAE3-88027E4C36E8}.Debug|x64.Deploy.0 = Debug|x64
		{E6E1B009-81E3-49AD-BAE3-88027E4C36E8}.Debug|x86.ActiveCfg = Debug|x86
		{E6E1B009-81E3-49AD-BAE3-88027E4C36E8}.Debug|x86.Build.0 = Debug|x86
		{E6E1B009-81E3-49AD-BAE3-88027E4C36E8}.Debug|x86.Deploy.0 = Debug|x86
		{E6E1B009-81E3-49AD-BAE3-88027E4C36E8}.Release|Any CPU.ActiveCfg = Release|Any CPU
		{E6E1B009-81E3-49AD-BAE3-88027E4C36E8}.Release|Any CPU.Build.0 = Release|Any CPU
		{E6E1B009-81E3-49AD-BAE3-88027E4C36E8}.Release|Any CPU.Deploy.0 = Release|Any CPU
		{E6E1B009-81E3-49AD-BAE3-88027E4C36E8}.Release|ARM.ActiveCfg = Release|ARM
		{E6E1B009-81E3-49AD-BAE3-88027E4C36E8}.Release|ARM.Build.0 = Release|ARM
		{E6E1B009-81E3-49AD-BAE3-88027E4C36E8}.Release|ARM.Deploy.0 = Release|ARM
		{E6E1B009-81E3-49AD-BAE3-88027E4C36E8}.Release|x64.ActiveCfg = Release|x64
		{E6E1B009-81E3-49AD-BAE3-88027E4C36E8}.Release|x64.Build.0 = Release|x64
		{E6E1B009-81E3-49AD-BAE3-88027E4C36E8}.Release|x64.Deploy.0 = Release|x64
		{E6E1B009-81E3-49AD-BAE3-88027E4C36E8}.Release|x86.ActiveCfg = Release|x86
		{E6E1B009-81E3-49AD-BAE3-88027E4C36E8}.Release|x86.Build.0 = Release|x86
		{E6E1B009-81E3-49AD-BAE3-88027E4C36E8}.Release|x86.Deploy.0 = Release|x86
	EndGlobalSection
	GlobalSection(SolutionProperties) = preSolution
		HideSolutionNode = FALSE
	EndGlobalSection
	GlobalSection(NestedProjects) = preSolution
		{A4F21B8A-D8FF-449E-9684-2CD1C8EAEAE4} = {CB5DE60D-8728-44D8-99C1-3FF365D982FE}
		{E6E1B009-81E3-49AD-BAE3-88027E4C36E8} = {CB5DE60D-8728-44D8-99C1-3FF365D982FE}
	EndGlobalSection
EndGlobal
