
Microsoft Visual Studio Solution File, Format Version 12.00
# Visual Studio 2013
VisualStudioVersion = 12.0.21005.1
MinimumVisualStudioVersion = 10.0.40219.1
Project("{2150E333-8FDC-42A3-9474-1A3956D46DE8}") = ".nuget", ".nuget", "{160337A6-3AD6-42A0-B9A4-F0E4DB6B6A7A}"
	ProjectSection(SolutionItems) = preProject
		.nuget\NuGet.Config = .nuget\NuGet.Config
		.nuget\NuGet.targets = .nuget\NuGet.targets
	EndProjectSection
EndProject
Project("{2150E333-8FDC-42A3-9474-1A3956D46DE8}") = "Service", "Service", "{D4F5F746-1B09-4112-AE5A-7889B02F3903}"
EndProject
Project("{FAE04EC0-301F-11D3-BF4B-00C04F79EFBC}") = "GeofenceLoader", "GeofenceLoader\GeofenceLoader.csproj", "{BE2A234D-45B5-4205-9330-5A485F529C6A}"
EndProject
Project("{FAE04EC0-301F-11D3-BF4B-00C04F79EFBC}") = "GeofenceRegistrationManager", "GeofenceRegistrationManager\GeofenceRegistrationManager.csproj", "{84D27D77-7AE7-4D06-99CB-66320A7734C6}"
EndProject
Project("{FAE04EC0-301F-11D3-BF4B-00C04F79EFBC}") = "App1", "App1\App1.csproj", "{DD29BE83-2F89-430C-B544-ED0774656AB6}"
EndProject
Project("{2150E333-8FDC-42A3-9474-1A3956D46DE8}") = "api", "api", "{F58533CB-2FE2-4285-82C9-15FD611F6D2A}"
	ProjectSection(SolutionItems) = preProject
		..\Service\api\entering.js = ..\Service\api\entering.js
		..\Service\api\entering.json = ..\Service\api\entering.json
		..\Service\api\getbulkuploadsastoken.js = ..\Service\api\getbulkuploadsastoken.js
		..\Service\api\getbulkuploadsastoken.json = ..\Service\api\getbulkuploadsastoken.json
		..\Service\api\processgeofences.js = ..\Service\api\processgeofences.js
		..\Service\api\processgeofences.json = ..\Service\api\processgeofences.json
		..\Service\api\trafficmonitor.js = ..\Service\api\trafficmonitor.js
		..\Service\api\trafficmonitor.json = ..\Service\api\trafficmonitor.json
	EndProjectSection
EndProject
Project("{2150E333-8FDC-42A3-9474-1A3956D46DE8}") = "table", "table", "{3F1B21EB-B108-41CD-B670-056622677E8D}"
	ProjectSection(SolutionItems) = preProject
		..\Service\table\campaign.json = ..\Service\table\campaign.json
		..\Service\table\campaignTraffic.json = ..\Service\table\campaignTraffic.json
		..\Service\table\geofence.json = ..\Service\table\geofence.json
	EndProjectSection
EndProject
Project("{2150E333-8FDC-42A3-9474-1A3956D46DE8}") = "shared", "shared", "{71056A71-8BDE-4173-B641-DE9D3CB3E8C3}"
	ProjectSection(SolutionItems) = preProject
		..\Service\shared\azureBootstrap.js = ..\Service\shared\azureBootstrap.js
		..\Service\shared\uuid.js = ..\Service\shared\uuid.js
	EndProjectSection
EndProject
Global
	GlobalSection(SolutionConfigurationPlatforms) = preSolution
		Debug|Any CPU = Debug|Any CPU
		Debug|ARM = Debug|ARM
		Debug|x64 = Debug|x64
		Debug|x86 = Debug|x86
		Release|Any CPU = Release|Any CPU
		Release|ARM = Release|ARM
		Release|x64 = Release|x64
		Release|x86 = Release|x86
	EndGlobalSection
	GlobalSection(ProjectConfigurationPlatforms) = postSolution
		{BE2A234D-45B5-4205-9330-5A485F529C6A}.Debug|Any CPU.ActiveCfg = Debug|Any CPU
		{BE2A234D-45B5-4205-9330-5A485F529C6A}.Debug|Any CPU.Build.0 = Debug|Any CPU
		{BE2A234D-45B5-4205-9330-5A485F529C6A}.Debug|ARM.ActiveCfg = Debug|ARM
		{BE2A234D-45B5-4205-9330-5A485F529C6A}.Debug|ARM.Build.0 = Debug|ARM
		{BE2A234D-45B5-4205-9330-5A485F529C6A}.Debug|x64.ActiveCfg = Debug|x64
		{BE2A234D-45B5-4205-9330-5A485F529C6A}.Debug|x64.Build.0 = Debug|x64
		{BE2A234D-45B5-4205-9330-5A485F529C6A}.Debug|x86.ActiveCfg = Debug|x86
		{BE2A234D-45B5-4205-9330-5A485F529C6A}.Debug|x86.Build.0 = Debug|x86
		{BE2A234D-45B5-4205-9330-5A485F529C6A}.Release|Any CPU.ActiveCfg = Release|Any CPU
		{BE2A234D-45B5-4205-9330-5A485F529C6A}.Release|Any CPU.Build.0 = Release|Any CPU
		{BE2A234D-45B5-4205-9330-5A485F529C6A}.Release|ARM.ActiveCfg = Release|ARM
		{BE2A234D-45B5-4205-9330-5A485F529C6A}.Release|ARM.Build.0 = Release|ARM
		{BE2A234D-45B5-4205-9330-5A485F529C6A}.Release|x64.ActiveCfg = Release|x64
		{BE2A234D-45B5-4205-9330-5A485F529C6A}.Release|x64.Build.0 = Release|x64
		{BE2A234D-45B5-4205-9330-5A485F529C6A}.Release|x86.ActiveCfg = Release|x86
		{BE2A234D-45B5-4205-9330-5A485F529C6A}.Release|x86.Build.0 = Release|x86
		{84D27D77-7AE7-4D06-99CB-66320A7734C6}.Debug|Any CPU.ActiveCfg = Debug|Any CPU
		{84D27D77-7AE7-4D06-99CB-66320A7734C6}.Debug|Any CPU.Build.0 = Debug|Any CPU
		{84D27D77-7AE7-4D06-99CB-66320A7734C6}.Debug|ARM.ActiveCfg = Debug|ARM
		{84D27D77-7AE7-4D06-99CB-66320A7734C6}.Debug|ARM.Build.0 = Debug|ARM
		{84D27D77-7AE7-4D06-99CB-66320A7734C6}.Debug|x64.ActiveCfg = Debug|x64
		{84D27D77-7AE7-4D06-99CB-66320A7734C6}.Debug|x64.Build.0 = Debug|x64
		{84D27D77-7AE7-4D06-99CB-66320A7734C6}.Debug|x86.ActiveCfg = Debug|x86
		{84D27D77-7AE7-4D06-99CB-66320A7734C6}.Debug|x86.Build.0 = Debug|x86
		{84D27D77-7AE7-4D06-99CB-66320A7734C6}.Release|Any CPU.ActiveCfg = Release|Any CPU
		{84D27D77-7AE7-4D06-99CB-66320A7734C6}.Release|Any CPU.Build.0 = Release|Any CPU
		{84D27D77-7AE7-4D06-99CB-66320A7734C6}.Release|ARM.ActiveCfg = Release|ARM
		{84D27D77-7AE7-4D06-99CB-66320A7734C6}.Release|ARM.Build.0 = Release|ARM
		{84D27D77-7AE7-4D06-99CB-66320A7734C6}.Release|x64.ActiveCfg = Release|x64
		{84D27D77-7AE7-4D06-99CB-66320A7734C6}.Release|x64.Build.0 = Release|x64
		{84D27D77-7AE7-4D06-99CB-66320A7734C6}.Release|x86.ActiveCfg = Release|x86
		{84D27D77-7AE7-4D06-99CB-66320A7734C6}.Release|x86.Build.0 = Release|x86
		{DD29BE83-2F89-430C-B544-ED0774656AB6}.Debug|Any CPU.ActiveCfg = Debug|x86
		{DD29BE83-2F89-430C-B544-ED0774656AB6}.Debug|Any CPU.Build.0 = Debug|x86
		{DD29BE83-2F89-430C-B544-ED0774656AB6}.Debug|Any CPU.Deploy.0 = Debug|x86
		{DD29BE83-2F89-430C-B544-ED0774656AB6}.Debug|ARM.ActiveCfg = Debug|ARM
		{DD29BE83-2F89-430C-B544-ED0774656AB6}.Debug|ARM.Build.0 = Debug|ARM
		{DD29BE83-2F89-430C-B544-ED0774656AB6}.Debug|ARM.Deploy.0 = Debug|ARM
		{DD29BE83-2F89-430C-B544-ED0774656AB6}.Debug|x64.ActiveCfg = Debug|x64
		{DD29BE83-2F89-430C-B544-ED0774656AB6}.Debug|x64.Build.0 = Debug|x64
		{DD29BE83-2F89-430C-B544-ED0774656AB6}.Debug|x64.Deploy.0 = Debug|x64
		{DD29BE83-2F89-430C-B544-ED0774656AB6}.Debug|x86.ActiveCfg = Debug|x86
		{DD29BE83-2F89-430C-B544-ED0774656AB6}.Debug|x86.Build.0 = Debug|x86
		{DD29BE83-2F89-430C-B544-ED0774656AB6}.Debug|x86.Deploy.0 = Debug|x86
		{DD29BE83-2F89-430C-B544-ED0774656AB6}.Release|Any CPU.ActiveCfg = Release|Any CPU
		{DD29BE83-2F89-430C-B544-ED0774656AB6}.Release|Any CPU.Build.0 = Release|Any CPU
		{DD29BE83-2F89-430C-B544-ED0774656AB6}.Release|Any CPU.Deploy.0 = Release|Any CPU
		{DD29BE83-2F89-430C-B544-ED0774656AB6}.Release|ARM.ActiveCfg = Release|ARM
		{DD29BE83-2F89-430C-B544-ED0774656AB6}.Release|ARM.Build.0 = Release|ARM
		{DD29BE83-2F89-430C-B544-ED0774656AB6}.Release|ARM.Deploy.0 = Release|ARM
		{DD29BE83-2F89-430C-B544-ED0774656AB6}.Release|x64.ActiveCfg = Release|x64
		{DD29BE83-2F89-430C-B544-ED0774656AB6}.Release|x64.Build.0 = Release|x64
		{DD29BE83-2F89-430C-B544-ED0774656AB6}.Release|x64.Deploy.0 = Release|x64
		{DD29BE83-2F89-430C-B544-ED0774656AB6}.Release|x86.ActiveCfg = Release|x86
		{DD29BE83-2F89-430C-B544-ED0774656AB6}.Release|x86.Build.0 = Release|x86
		{DD29BE83-2F89-430C-B544-ED0774656AB6}.Release|x86.Deploy.0 = Release|x86
	EndGlobalSection
	GlobalSection(SolutionProperties) = preSolution
		HideSolutionNode = FALSE
	EndGlobalSection
	GlobalSection(NestedProjects) = preSolution
		{F58533CB-2FE2-4285-82C9-15FD611F6D2A} = {D4F5F746-1B09-4112-AE5A-7889B02F3903}
		{3F1B21EB-B108-41CD-B670-056622677E8D} = {D4F5F746-1B09-4112-AE5A-7889B02F3903}
		{71056A71-8BDE-4173-B641-DE9D3CB3E8C3} = {D4F5F746-1B09-4112-AE5A-7889B02F3903}
	EndGlobalSection
EndGlobal
